// !$*UTF8*$!
{
	archiveVersion = 1;
	classes = {
	};
	objectVersion = 46;
	objects = {

/* Begin PBXBuildFile section */
		02F263D51A3391D000EC9CEE /* AppDelegate.swift in Sources */ = {isa = PBXBuildFile; fileRef = 02F263D41A3391D000EC9CEE /* AppDelegate.swift */; };
		02F263DA1A3391D000EC9CEE /* Main.storyboard in Resources */ = {isa = PBXBuildFile; fileRef = 02F263D81A3391D000EC9CEE /* Main.storyboard */; };
		02F263DC1A3391D000EC9CEE /* Images.xcassets in Resources */ = {isa = PBXBuildFile; fileRef = 02F263DB1A3391D000EC9CEE /* Images.xcassets */; };
		02F263DF1A3391D000EC9CEE /* LaunchScreen.xib in Resources */ = {isa = PBXBuildFile; fileRef = 02F263DD1A3391D000EC9CEE /* LaunchScreen.xib */; };
		02F263EB1A3391D000EC9CEE /* LoginProjectTests.swift in Sources */ = {isa = PBXBuildFile; fileRef = 02F263EA1A3391D000EC9CEE /* LoginProjectTests.swift */; };
		02F263F51A33924300EC9CEE /* LoginViewController.swift in Sources */ = {isa = PBXBuildFile; fileRef = 02F263F41A33924300EC9CEE /* LoginViewController.swift */; };
		02F263F71A33925400EC9CEE /* CreateAccountViewController.swift in Sources */ = {isa = PBXBuildFile; fileRef = 02F263F61A33925400EC9CEE /* CreateAccountViewController.swift */; };
		02F263FB1A33930300EC9CEE /* MainViewController.swift in Sources */ = {isa = PBXBuildFile; fileRef = 02F263FA1A33930300EC9CEE /* MainViewController.swift */; };
/* End PBXBuildFile section */

/* Begin PBXContainerItemProxy section */
		02F263E51A3391D000EC9CEE /* PBXContainerItemProxy */ = {
			isa = PBXContainerItemProxy;
			containerPortal = 02F263C71A3391D000EC9CEE /* Project object */;
			proxyType = 1;
			remoteGlobalIDString = 02F263CE1A3391D000EC9CEE;
			remoteInfo = LoginProject;
		};
/* End PBXContainerItemProxy section */

/* Begin PBXFileReference section */
		02F263CF1A3391D000EC9CEE /* LoginProject.app */ = {isa = PBXFileReference; explicitFileType = wrapper.application; includeInIndex = 0; path = LoginProject.app; sourceTree = BUILT_PRODUCTS_DIR; };
		02F263D31A3391D000EC9CEE /* Info.plist */ = {isa = PBXFileReference; lastKnownFileType = text.plist.xml; path = Info.plist; sourceTree = "<group>"; };
		02F263D41A3391D000EC9CEE /* AppDelegate.swift */ = {isa = PBXFileReference; lastKnownFileType = sourcecode.swift; path = AppDelegate.swift; sourceTree = "<group>"; };
		02F263D91A3391D000EC9CEE /* Base */ = {isa = PBXFileReference; lastKnownFileType = file.storyboard; name = Base; path = Base.lproj/Main.storyboard; sourceTree = "<group>"; };
		02F263DB1A3391D000EC9CEE /* Images.xcassets */ = {isa = PBXFileReference; lastKnownFileType = folder.assetcatalog; path = Images.xcassets; sourceTree = "<group>"; };
		02F263DE1A3391D000EC9CEE /* Base */ = {isa = PBXFileReference; lastKnownFileType = file.xib; name = Base; path = Base.lproj/LaunchScreen.xib; sourceTree = "<group>"; };
		02F263E41A3391D000EC9CEE /* LoginProjectTests.xctest */ = {isa = PBXFileReference; explicitFileType = wrapper.cfbundle; includeInIndex = 0; path = LoginProjectTests.xctest; sourceTree = BUILT_PRODUCTS_DIR; };
		02F263E91A3391D000EC9CEE /* Info.plist */ = {isa = PBXFileReference; lastKnownFileType = text.plist.xml; path = Info.plist; sourceTree = "<group>"; };
		02F263EA1A3391D000EC9CEE /* LoginProjectTests.swift */ = {isa = PBXFileReference; lastKnownFileType = sourcecode.swift; path = LoginProjectTests.swift; sourceTree = "<group>"; };
		02F263F41A33924300EC9CEE /* LoginViewController.swift */ = {isa = PBXFileReference; fileEncoding = 4; lastKnownFileType = sourcecode.swift; name = LoginViewController.swift; path = ../LoginViewController.swift; sourceTree = "<group>"; };
		02F263F61A33925400EC9CEE /* CreateAccountViewController.swift */ = {isa = PBXFileReference; fileEncoding = 4; lastKnownFileType = sourcecode.swift; name = CreateAccountViewController.swift; path = ../CreateAccountViewController.swift; sourceTree = "<group>"; };
		02F263FA1A33930300EC9CEE /* MainViewController.swift */ = {isa = PBXFileReference; fileEncoding = 4; lastKnownFileType = sourcecode.swift; name = MainViewController.swift; path = ../MainViewController.swift; sourceTree = "<group>"; };
/* End PBXFileReference section */

/* Begin PBXFrameworksBuildPhase section */
		02F263CC1A3391D000EC9CEE /* Frameworks */ = {
			isa = PBXFrameworksBuildPhase;
			buildActionMask = 2147483647;
			files = (
			);
			runOnlyForDeploymentPostprocessing = 0;
		};
		02F263E11A3391D000EC9CEE /* Frameworks */ = {
			isa = PBXFrameworksBuildPhase;
			buildActionMask = 2147483647;
			files = (
			);
			runOnlyForDeploymentPostprocessing = 0;
		};
/* End PBXFrameworksBuildPhase section */

/* Begin PBXGroup section */
		02F263C61A3391D000EC9CEE = {
			isa = PBXGroup;
			children = (
				02F263D11A3391D000EC9CEE /* LoginProject */,
				02F263E71A3391D000EC9CEE /* LoginProjectTests */,
				02F263D01A3391D000EC9CEE /* Products */,
			);
			sourceTree = "<group>";
		};
		02F263D01A3391D000EC9CEE /* Products */ = {
			isa = PBXGroup;
			children = (
				02F263CF1A3391D000EC9CEE /* LoginProject.app */,
				02F263E41A3391D000EC9CEE /* LoginProjectTests.xctest */,
			);
			name = Products;
			sourceTree = "<group>";
		};
		02F263D11A3391D000EC9CEE /* LoginProject */ = {
			isa = PBXGroup;
			children = (
				02F263D41A3391D000EC9CEE /* AppDelegate.swift */,
				02F263F41A33924300EC9CEE /* LoginViewController.swift */,
				02F263F61A33925400EC9CEE /* CreateAccountViewController.swift */,
				02F263FA1A33930300EC9CEE /* MainViewController.swift */,
				02F263D81A3391D000EC9CEE /* Main.storyboard */,
				02F263DB1A3391D000EC9CEE /* Images.xcassets */,
				02F263DD1A3391D000EC9CEE /* LaunchScreen.xib */,
				02F263D21A3391D000EC9CEE /* Supporting Files */,
			);
			path = LoginProject;
			sourceTree = "<group>";
		};
		02F263D21A3391D000EC9CEE /* Supporting Files */ = {
			isa = PBXGroup;
			children = (
				02F263D31A3391D000EC9CEE /* Info.plist */,
			);
			name = "Supporting Files";
			sourceTree = "<group>";
		};
		02F263E71A3391D000EC9CEE /* LoginProjectTests */ = {
			isa = PBXGroup;
			children = (
				02F263EA1A3391D000EC9CEE /* LoginProjectTests.swift */,
				02F263E81A3391D000EC9CEE /* Supporting Files */,
			);
			path = LoginProjectTests;
			sourceTree = "<group>";
		};
		02F263E81A3391D000EC9CEE /* Supporting Files */ = {
			isa = PBXGroup;
			children = (
				02F263E91A3391D000EC9CEE /* Info.plist */,
			);
			name = "Supporting Files";
			sourceTree = "<group>";
		};
/* End PBXGroup section */

/* Begin PBXNativeTarget section */
		02F263CE1A3391D000EC9CEE /* LoginProject */ = {
			isa = PBXNativeTarget;
			buildConfigurationList = 02F263EE1A3391D000EC9CEE /* Build configuration list for PBXNativeTarget "LoginProject" */;
			buildPhases = (
				02F263CB1A3391D000EC9CEE /* Sources */,
				02F263CC1A3391D000EC9CEE /* Frameworks */,
				02F263CD1A3391D000EC9CEE /* Resources */,
			);
			buildRules = (
			);
			dependencies = (
			);
			name = LoginProject;
			productName = LoginProject;
			productReference = 02F263CF1A3391D000EC9CEE /* LoginProject.app */;
			productType = "com.apple.product-type.application";
		};
		02F263E31A3391D000EC9CEE /* LoginProjectTests */ = {
			isa = PBXNativeTarget;
			buildConfigurationList = 02F263F11A3391D000EC9CEE /* Build configuration list for PBXNativeTarget "LoginProjectTests" */;
			buildPhases = (
				02F263E01A3391D000EC9CEE /* Sources */,
				02F263E11A3391D000EC9CEE /* Frameworks */,
				02F263E21A3391D000EC9CEE /* Resources */,
			);
			buildRules = (
			);
			dependencies = (
				02F263E61A3391D000EC9CEE /* PBXTargetDependency */,
			);
			name = LoginProjectTests;
			productName = LoginProjectTests;
			productReference = 02F263E41A3391D000EC9CEE /* LoginProjectTests.xctest */;
			productType = "com.apple.product-type.bundle.unit-test";
		};
/* End PBXNativeTarget section */

/* Begin PBXProject section */
		02F263C71A3391D000EC9CEE /* Project object */ = {
			isa = PBXProject;
			attributes = {
				LastUpgradeCheck = 0610;
				ORGANIZATIONNAME = "Jared Mermey";
				TargetAttributes = {
					02F263CE1A3391D000EC9CEE = {
						CreatedOnToolsVersion = 6.1.1;
					};
					02F263E31A3391D000EC9CEE = {
						CreatedOnToolsVersion = 6.1.1;
						TestTargetID = 02F263CE1A3391D000EC9CEE;
					};
				};
			};
			buildConfigurationList = 02F263CA1A3391D000EC9CEE /* Build configuration list for PBXProject "LoginProject" */;
			compatibilityVersion = "Xcode 3.2";
			developmentRegion = English;
			hasScannedForEncodings = 0;
			knownRegions = (
				en,
				Base,
			);
			mainGroup = 02F263C61A3391D000EC9CEE;
			productRefGroup = 02F263D01A3391D000EC9CEE /* Products */;
			projectDirPath = "";
			projectRoot = "";
			targets = (
				02F263CE1A3391D000EC9CEE /* LoginProject */,
				02F263E31A3391D000EC9CEE /* LoginProjectTests */,
			);
		};
/* End PBXProject section */

/* Begin PBXResourcesBuildPhase section */
		02F263CD1A3391D000EC9CEE /* Resources */ = {
			isa = PBXResourcesBuildPhase;
			buildActionMask = 2147483647;
			files = (
				02F263DA1A3391D000EC9CEE /* Main.storyboard in Resources */,
				02F263DF1A3391D000EC9CEE /* LaunchScreen.xib in Resources */,
				02F263DC1A3391D000EC9CEE /* Images.xcassets in Resources */,
			);
			runOnlyForDeploymentPostprocessing = 0;
		};
		02F263E21A3391D000EC9CEE /* Resources */ = {
			isa = PBXResourcesBuildPhase;
			buildActionMask = 2147483647;
			files = (
			);
			runOnlyForDeploymentPostprocessing = 0;
		};
/* End PBXResourcesBuildPhase section */

/* Begin PBXSourcesBuildPhase section */
		02F263CB1A3391D000EC9CEE /* Sources */ = {
			isa = PBXSourcesBuildPhase;
			buildActionMask = 2147483647;
			files = (
				02F263F71A33925400EC9CEE /* CreateAccountViewController.swift in Sources */,
				02F263F51A33924300EC9CEE /* LoginViewController.swift in Sources */,
				02F263D51A3391D000EC9CEE /* AppDelegate.swift in Sources */,
				02F263FB1A33930300EC9CEE /* MainViewController.swift in Sources */,
			);
			runOnlyForDeploymentPostprocessing = 0;
		};
		02F263E01A3391D000EC9CEE /* Sources */ = {
			isa = PBXSourcesBuildPhase;
			buildActionMask = 2147483647;
			files = (
				02F263EB1A3391D000EC9CEE /* LoginProjectTests.swift in Sources */,
			);
			runOnlyForDeploymentPostprocessing = 0;
		};
/* End PBXSourcesBuildPhase section */

/* Begin PBXTargetDependency section */
		02F263E61A3391D000EC9CEE /* PBXTargetDependency */ = {
			isa = PBXTargetDependency;
			target = 02F263CE1A3391D000EC9CEE /* LoginProject */;
			targetProxy = 02F263E51A3391D000EC9CEE /* PBXContainerItemProxy */;
		};
/* End PBXTargetDependency section */

/* Begin PBXVariantGroup section */
		02F263D81A3391D000EC9CEE /* Main.storyboard */ = {
			isa = PBXVariantGroup;
			children = (
				02F263D91A3391D000EC9CEE /* Base */,
			);
			name = Main.storyboard;
			sourceTree = "<group>";
		};
		02F263DD1A3391D000EC9CEE /* LaunchScreen.xib */ = {
			isa = PBXVariantGroup;
			children = (
				02F263DE1A3391D000EC9CEE /* Base */,
			);
			name = LaunchScreen.xib;
			sourceTree = "<group>";
		};
/* End PBXVariantGroup section */

/* Begin XCBuildConfiguration section */
		02F263EC1A3391D000EC9CEE /* Debug */ = {
			isa = XCBuildConfiguration;
			buildSettings = {
				ALWAYS_SEARCH_USER_PATHS = NO;
				CLANG_CXX_LANGUAGE_STANDARD = "gnu++0x";
				CLANG_CXX_LIBRARY = "libc++";
				CLANG_ENABLE_MODULES = YES;
				CLANG_ENABLE_OBJC_ARC = YES;
				CLANG_WARN_BOOL_CONVERSION = YES;
				CLANG_WARN_CONSTANT_CONVERSION = YES;
				CLANG_WARN_DIRECT_OBJC_ISA_USAGE = YES_ERROR;
				CLANG_WARN_EMPTY_BODY = YES;
				CLANG_WARN_ENUM_CONVERSION = YES;
				CLANG_WARN_INT_CONVERSION = YES;
				CLANG_WARN_OBJC_ROOT_CLASS = YES_ERROR;
				CLANG_WARN_UNREACHABLE_CODE = YES;
				CLANG_WARN__DUPLICATE_METHOD_MATCH = YES;
				"CODE_SIGN_IDENTITY[sdk=iphoneos*]" = "iPhone Developer";
				COPY_PHASE_STRIP = NO;
				ENABLE_STRICT_OBJC_MSGSEND = YES;
				GCC_C_LANGUAGE_STANDARD = gnu99;
				GCC_DYNAMIC_NO_PIC = NO;
				GCC_OPTIMIZATION_LEVEL = 0;
				GCC_PREPROCESSOR_DEFINITIONS = (
					"DEBUG=1",
					"$(inherited)",
				);
				GCC_SYMBOLS_PRIVATE_EXTERN = NO;
				GCC_WARN_64_TO_32_BIT_CONVERSION = YES;
				GCC_WARN_ABOUT_RETURN_TYPE = YES_ERROR;
				GCC_WARN_UNDECLARED_SELECTOR = YES;
				GCC_WARN_UNINITIALIZED_AUTOS = YES_AGGRESSIVE;
				GCC_WARN_UNUSED_FUNCTION = YES;
				GCC_WARN_UNUSED_VARIABLE = YES;
				IPHONEOS_DEPLOYMENT_TARGET = 8.1;
				MTL_ENABLE_DEBUG_INFO = YES;
				ONLY_ACTIVE_ARCH = YES;
				SDKROOT = iphoneos;
				SWIFT_OPTIMIZATION_LEVEL = "-Onone";
				TARGETED_DEVICE_FAMILY = "1,2";
			};
			name = Debug;
		};
		02F263ED1A3391D000EC9CEE /* Release */ = {
			isa = XCBuildConfiguration;
			buildSettings = {
				ALWAYS_SEARCH_USER_PATHS = NO;
				CLANG_CXX_LANGUAGE_STANDARD = "gnu++0x";
				CLANG_CXX_LIBRARY = "libc++";
				CLANG_ENABLE_MODULES = YES;
				CLANG_ENABLE_OBJC_ARC = YES;
				CLANG_WARN_BOOL_CONVERSION = YES;
				CLANG_WARN_CONSTANT_CONVERSION = YES;
				CLANG_WARN_DIRECT_OBJC_ISA_USAGE = YES_ERROR;
				CLANG_WARN_EMPTY_BODY = YES;
				CLANG_WARN_ENUM_CONVERSION = YES;
				CLANG_WARN_INT_CONVERSION = YES;
				CLANG_WARN_OBJC_ROOT_CLASS = YES_ERROR;
				CLANG_WARN_UNREACHABLE_CODE = YES;
				CLANG_WARN__DUPLICATE_METHOD_MATCH = YES;
				"CODE_SIGN_IDENTITY[sdk=iphoneos*]" = "iPhone Developer";
				COPY_PHASE_STRIP = YES;
				ENABLE_NS_ASSERTIONS = NO;
				ENABLE_STRICT_OBJC_MSGSEND = YES;
				GCC_C_LANGUAGE_STANDARD = gnu99;
				GCC_WARN_64_TO_32_BIT_CONVERSION = YES;
				GCC_WARN_ABOUT_RETURN_TYPE = YES_ERROR;
				GCC_WARN_UNDECLARED_SELECTOR = YES;
				GCC_WARN_UNINITIALIZED_AUTOS = YES_AGGRESSIVE;
				GCC_WARN_UNUSED_FUNCTION = YES;
				GCC_WARN_UNUSED_VARIABLE = YES;
				IPHONEOS_DEPLOYMENT_TARGET = 8.1;
				MTL_ENABLE_DEBUG_INFO = NO;
				SDKROOT = iphoneos;
				TARGETED_DEVICE_FAMILY = "1,2";
				VALIDATE_PRODUCT = YES;
			};
			name = Release;
		};
		02F263EF1A3391D000EC9CEE /* Debug */ = {
			isa = XCBuildConfiguration;
			buildSettings = {
				ASSETCATALOG_COMPILER_APPICON_NAME = AppIcon;
				INFOPLIST_FILE = LoginProject/Info.plist;
				LD_RUNPATH_SEARCH_PATHS = "$(inherited) @executable_path/Frameworks";
				PRODUCT_NAME = "$(TARGET_NAME)";
			};
			name = Debug;
		};
		02F263F01A3391D000EC9CEE /* Release */ = {
			isa = XCBuildConfiguration;
			buildSettings = {
				ASSETCATALOG_COMPILER_APPICON_NAME = AppIcon;
				INFOPLIST_FILE = LoginProject/Info.plist;
				LD_RUNPATH_SEARCH_PATHS = "$(inherited) @executable_path/Frameworks";
				PRODUCT_NAME = "$(TARGET_NAME)";
			};
			name = Release;
		};
		02F263F21A3391D000EC9CEE /* Debug */ = {
			isa = XCBuildConfiguration;
			buildSettings = {
				BUNDLE_LOADER = "$(TEST_HOST)";
				FRAMEWORK_SEARCH_PATHS = (
					"$(SDKROOT)/Developer/Library/Frameworks",
					"$(inherited)",
				);
				GCC_PREPROCESSOR_DEFINITIONS = (
					"DEBUG=1",
					"$(inherited)",
				);
				INFOPLIST_FILE = LoginProjectTests/Info.plist;
				LD_RUNPATH_SEARCH_PATHS = "$(inherited) @executable_path/Frameworks @loader_path/Frameworks";
				PRODUCT_NAME = "$(TARGET_NAME)";
				TEST_HOST = "$(BUILT_PRODUCTS_DIR)/LoginProject.app/LoginProject";
			};
			name = Debug;
		};
		02F263F31A3391D000EC9CEE /* Release */ = {
			isa = XCBuildConfiguration;
			buildSettings = {
				BUNDLE_LOADER = "$(TEST_HOST)";
				FRAMEWORK_SEARCH_PATHS = (
					"$(SDKROOT)/Developer/Library/Frameworks",
					"$(inherited)",
				);
				INFOPLIST_FILE = LoginProjectTests/Info.plist;
				LD_RUNPATH_SEARCH_PATHS = "$(inherited) @executable_path/Frameworks @loader_path/Frameworks";
				PRODUCT_NAME = "$(TARGET_NAME)";
				TEST_HOST = "$(BUILT_PRODUCTS_DIR)/LoginProject.app/LoginProject";
			};
			name = Release;
		};
/* End XCBuildConfiguration section */

/* Begin XCConfigurationList section */
		02F263CA1A3391D000EC9CEE /* Build configuration list for PBXProject "LoginProject" */ = {
			isa = XCConfigurationList;
			buildConfigurations = (
				02F263EC1A3391D000EC9CEE /* Debug */,
				02F263ED1A3391D000EC9CEE /* Release */,
			);
			defaultConfigurationIsVisible = 0;
			defaultConfigurationName = Release;
		};
		02F263EE1A3391D000EC9CEE /* Build configuration list for PBXNativeTarget "LoginProject" */ = {
			isa = XCConfigurationList;
			buildConfigurations = (
				02F263EF1A3391D000EC9CEE /* Debug */,
				02F263F01A3391D000EC9CEE /* Release */,
			);
			defaultConfigurationIsVisible = 0;
		};
		02F263F11A3391D000EC9CEE /* Build configuration list for PBXNativeTarget "LoginProjectTests" */ = {
			isa = XCConfigurationList;
			buildConfigurations = (
				02F263F21A3391D000EC9CEE /* Debug */,
				02F263F31A3391D000EC9CEE /* Release */,
			);
			defaultConfigurationIsVisible = 0;
		};
/* End XCConfigurationList section */
	};
	rootObject = 02F263C71A3391D000EC9CEE /* Project object */;
}
